// !$*UTF8*$!
{
	archiveVersion = 1;
	classes = {
	};
	objectVersion = 56;
	objects = {

/* Begin PBXBuildFile section */
		E00D983128FAF9F60052E4F8 /* CalendarManager.swift in Sources */ = {isa = PBXBuildFile; fileRef = E00D983028FAF9F60052E4F8 /* CalendarManager.swift */; };
		E00D983328FAFC1A0052E4F8 /* CalendarCellData.swift in Sources */ = {isa = PBXBuildFile; fileRef = E00D983228FAFC1A0052E4F8 /* CalendarCellData.swift */; };
		E02AE78228F9D63500C45D48 /* WorkoutCell.xib in Resources */ = {isa = PBXBuildFile; fileRef = E02AE78128F9D63500C45D48 /* WorkoutCell.xib */; };
		E02E9FC6290E9F24009A13B5 /* Exercise.swift in Sources */ = {isa = PBXBuildFile; fileRef = E02E9FC5290E9F24009A13B5 /* Exercise.swift */; };
		E043E33D28F48EF400178AA9 /* AppDelegate.swift in Sources */ = {isa = PBXBuildFile; fileRef = E043E33C28F48EF400178AA9 /* AppDelegate.swift */; };
		E043E33F28F48EF400178AA9 /* SceneDelegate.swift in Sources */ = {isa = PBXBuildFile; fileRef = E043E33E28F48EF400178AA9 /* SceneDelegate.swift */; };
		E043E34128F48EF400178AA9 /* WorkoutViewController.swift in Sources */ = {isa = PBXBuildFile; fileRef = E043E34028F48EF400178AA9 /* WorkoutViewController.swift */; };
		E043E34628F48EF600178AA9 /* Assets.xcassets in Resources */ = {isa = PBXBuildFile; fileRef = E043E34528F48EF600178AA9 /* Assets.xcassets */; };
		E043E34928F48EF600178AA9 /* LaunchScreen.storyboard in Resources */ = {isa = PBXBuildFile; fileRef = E043E34728F48EF600178AA9 /* LaunchScreen.storyboard */; };
		E043E35128F48F9100178AA9 /* TabBarControllerView.swift in Sources */ = {isa = PBXBuildFile; fileRef = E043E35028F48F9100178AA9 /* TabBarControllerView.swift */; };
		E043E35528F494FD00178AA9 /* WorkoutViewModel.swift in Sources */ = {isa = PBXBuildFile; fileRef = E043E35428F494FD00178AA9 /* WorkoutViewModel.swift */; };
		E0457CBA28F8512A0055355A /* StorageManager.swift in Sources */ = {isa = PBXBuildFile; fileRef = E0457CB928F8512A0055355A /* StorageManager.swift */; };
		E0457CBE28F855C60055355A /* WorkoutViewController.storyboard in Resources */ = {isa = PBXBuildFile; fileRef = E0457CBD28F855C60055355A /* WorkoutViewController.storyboard */; };
		E0457CC128F856AF0055355A /* UIViewController + Storyboard.swift in Sources */ = {isa = PBXBuildFile; fileRef = E0457CC028F856AF0055355A /* UIViewController + Storyboard.swift */; };
		E0457CCB28F8584B0055355A /* ExercisesGroupViewController.swift in Sources */ = {isa = PBXBuildFile; fileRef = E0457CCA28F8584B0055355A /* ExercisesGroupViewController.swift */; };
		E0457CCD28F858590055355A /* ExercisesGroupViewModel.swift in Sources */ = {isa = PBXBuildFile; fileRef = E0457CCC28F858590055355A /* ExercisesGroupViewModel.swift */; };
		E0457CCF28F858790055355A /* ExercisesGroupViewController.storyboard in Resources */ = {isa = PBXBuildFile; fileRef = E0457CCE28F858790055355A /* ExercisesGroupViewController.storyboard */; };
		E0457CD128F860910055355A /* UIColor + HEX.swift in Sources */ = {isa = PBXBuildFile; fileRef = E0457CD028F860910055355A /* UIColor + HEX.swift */; };
		E0457CD528F861BD0055355A /* CalendarViewController.swift in Sources */ = {isa = PBXBuildFile; fileRef = E0457CD328F861BD0055355A /* CalendarViewController.swift */; };
		E0457CD628F861BD0055355A /* CalendarViewController.xib in Resources */ = {isa = PBXBuildFile; fileRef = E0457CD428F861BD0055355A /* CalendarViewController.xib */; };
		E0457CD828F861D30055355A /* CalendarViewModel.swift in Sources */ = {isa = PBXBuildFile; fileRef = E0457CD728F861D30055355A /* CalendarViewModel.swift */; };
		E0504E6F28F72E0400C0FA01 /* Workout.swift in Sources */ = {isa = PBXBuildFile; fileRef = E0504E6E28F72E0400C0FA01 /* Workout.swift */; };
		E0504E7328F72F7D00C0FA01 /* WorkoutCell.swift in Sources */ = {isa = PBXBuildFile; fileRef = E0504E7228F72F7D00C0FA01 /* WorkoutCell.swift */; };
		E0504E7528F72FA000C0FA01 /* WorkoutCellViewModel.swift in Sources */ = {isa = PBXBuildFile; fileRef = E0504E7428F72FA000C0FA01 /* WorkoutCellViewModel.swift */; };
		E0504E7828F73CB000C0FA01 /* Realm in Frameworks */ = {isa = PBXBuildFile; productRef = E0504E7728F73CB000C0FA01 /* Realm */; };
		E0504E7A28F73CB000C0FA01 /* RealmSwift in Frameworks */ = {isa = PBXBuildFile; productRef = E0504E7928F73CB000C0FA01 /* RealmSwift */; };
		E0504E7C28F73FB500C0FA01 /* WorkoutList.swift in Sources */ = {isa = PBXBuildFile; fileRef = E0504E7B28F73FB500C0FA01 /* WorkoutList.swift */; };
		E05439ED291515E0009050D6 /* ExerciseGroupCell.swift in Sources */ = {isa = PBXBuildFile; fileRef = E05439EC291515E0009050D6 /* ExerciseGroupCell.swift */; };
		E05439F029151646009050D6 /* ExerciseGroupCellViewModel.swift in Sources */ = {isa = PBXBuildFile; fileRef = E05439EF29151646009050D6 /* ExerciseGroupCellViewModel.swift */; };
		E05439F2291519AB009050D6 /* NetworkDataManager.swift in Sources */ = {isa = PBXBuildFile; fileRef = E05439F1291519AB009050D6 /* NetworkDataManager.swift */; };
		E05F86AE2923A1AE00078290 /* ExercisesViewController.swift in Sources */ = {isa = PBXBuildFile; fileRef = E05F86AC2923A1AE00078290 /* ExercisesViewController.swift */; };
		E05F86B12923A1ED00078290 /* ExercisesViewController.storyboard in Resources */ = {isa = PBXBuildFile; fileRef = E05F86B02923A1ED00078290 /* ExercisesViewController.storyboard */; };
		E06383A82910692700815FEE /* GoogleService-Info.plist in Resources */ = {isa = PBXBuildFile; fileRef = E06383A72910692700815FEE /* GoogleService-Info.plist */; };
		E06383AB2910772400815FEE /* FirebaseAnalytics in Frameworks */ = {isa = PBXBuildFile; productRef = E06383AA2910772400815FEE /* FirebaseAnalytics */; };
		E06383AD2910772400815FEE /* FirebaseAnalyticsSwift in Frameworks */ = {isa = PBXBuildFile; productRef = E06383AC2910772400815FEE /* FirebaseAnalyticsSwift */; };
		E06383AF2910772400815FEE /* FirebaseDatabase in Frameworks */ = {isa = PBXBuildFile; productRef = E06383AE2910772400815FEE /* FirebaseDatabase */; };
		E06383B12910772400815FEE /* FirebaseDatabaseSwift in Frameworks */ = {isa = PBXBuildFile; productRef = E06383B02910772400815FEE /* FirebaseDatabaseSwift */; };
		E07610602923A88B00E1F687 /* ExercisesViewModel.swift in Sources */ = {isa = PBXBuildFile; fileRef = E076105F2923A88B00E1F687 /* ExercisesViewModel.swift */; };
		E0B15712292657EA00881D8B /* ExerciseCell.swift in Sources */ = {isa = PBXBuildFile; fileRef = E0B15710292657EA00881D8B /* ExerciseCell.swift */; };
		E0B15713292657EA00881D8B /* ExerciseCell.xib in Resources */ = {isa = PBXBuildFile; fileRef = E0B15711292657EA00881D8B /* ExerciseCell.xib */; };
		E0B157152926586500881D8B /* ExerciseCellViewModel.swift in Sources */ = {isa = PBXBuildFile; fileRef = E0B157142926586500881D8B /* ExerciseCellViewModel.swift */; };
		E0DA1D4B291BB4A6004D7FAB /* ExerciseGroupCell.xib in Resources */ = {isa = PBXBuildFile; fileRef = E0DA1D4A291BB4A6004D7FAB /* ExerciseGroupCell.xib */; };
		E0DA1D4D291E5BEA004D7FAB /* ExerciseGroup.swift in Sources */ = {isa = PBXBuildFile; fileRef = E0DA1D4C291E5BEA004D7FAB /* ExerciseGroup.swift */; };
		E0E814F32900731600687D3F /* CalendarCell.swift in Sources */ = {isa = PBXBuildFile; fileRef = E0E814F22900731600687D3F /* CalendarCell.swift */; };
		E0E814F52900736800687D3F /* CalendarCellVewModel.swift in Sources */ = {isa = PBXBuildFile; fileRef = E0E814F42900736800687D3F /* CalendarCellVewModel.swift */; };
		E0E814F7290077CA00687D3F /* CalendarCell.xib in Resources */ = {isa = PBXBuildFile; fileRef = E0E814F6290077CA00687D3F /* CalendarCell.xib */; };
		E0F86899290C2544000DAAD7 /* UDDateManager.swift in Sources */ = {isa = PBXBuildFile; fileRef = E0F86898290C2544000DAAD7 /* UDDateManager.swift */; };
/* End PBXBuildFile section */

/* Begin PBXFileReference section */
		E00D983028FAF9F60052E4F8 /* CalendarManager.swift */ = {isa = PBXFileReference; lastKnownFileType = sourcecode.swift; path = CalendarManager.swift; sourceTree = "<group>"; };
		E00D983228FAFC1A0052E4F8 /* CalendarCellData.swift */ = {isa = PBXFileReference; lastKnownFileType = sourcecode.swift; path = CalendarCellData.swift; sourceTree = "<group>"; };
		E02AE78128F9D63500C45D48 /* WorkoutCell.xib */ = {isa = PBXFileReference; lastKnownFileType = file.xib; path = WorkoutCell.xib; sourceTree = "<group>"; };
		E02E9FC5290E9F24009A13B5 /* Exercise.swift */ = {isa = PBXFileReference; lastKnownFileType = sourcecode.swift; path = Exercise.swift; sourceTree = "<group>"; };
		E043E33928F48EF400178AA9 /* FintnessApp.MVVM.UIKit.app */ = {isa = PBXFileReference; explicitFileType = wrapper.application; includeInIndex = 0; path = FintnessApp.MVVM.UIKit.app; sourceTree = BUILT_PRODUCTS_DIR; };
		E043E33C28F48EF400178AA9 /* AppDelegate.swift */ = {isa = PBXFileReference; lastKnownFileType = sourcecode.swift; path = AppDelegate.swift; sourceTree = "<group>"; };
		E043E33E28F48EF400178AA9 /* SceneDelegate.swift */ = {isa = PBXFileReference; lastKnownFileType = sourcecode.swift; path = SceneDelegate.swift; sourceTree = "<group>"; };
		E043E34028F48EF400178AA9 /* WorkoutViewController.swift */ = {isa = PBXFileReference; lastKnownFileType = sourcecode.swift; path = WorkoutViewController.swift; sourceTree = "<group>"; };
		E043E34528F48EF600178AA9 /* Assets.xcassets */ = {isa = PBXFileReference; lastKnownFileType = folder.assetcatalog; path = Assets.xcassets; sourceTree = "<group>"; };
		E043E34828F48EF600178AA9 /* Base */ = {isa = PBXFileReference; lastKnownFileType = file.storyboard; name = Base; path = Base.lproj/LaunchScreen.storyboard; sourceTree = "<group>"; };
		E043E35028F48F9100178AA9 /* TabBarControllerView.swift */ = {isa = PBXFileReference; lastKnownFileType = sourcecode.swift; path = TabBarControllerView.swift; sourceTree = "<group>"; };
		E043E35428F494FD00178AA9 /* WorkoutViewModel.swift */ = {isa = PBXFileReference; lastKnownFileType = sourcecode.swift; path = WorkoutViewModel.swift; sourceTree = "<group>"; };
		E0457CB928F8512A0055355A /* StorageManager.swift */ = {isa = PBXFileReference; lastKnownFileType = sourcecode.swift; path = StorageManager.swift; sourceTree = "<group>"; };
		E0457CBD28F855C60055355A /* WorkoutViewController.storyboard */ = {isa = PBXFileReference; lastKnownFileType = file.storyboard; path = WorkoutViewController.storyboard; sourceTree = "<group>"; };
		E0457CC028F856AF0055355A /* UIViewController + Storyboard.swift */ = {isa = PBXFileReference; lastKnownFileType = sourcecode.swift; path = "UIViewController + Storyboard.swift"; sourceTree = "<group>"; };
		E0457CCA28F8584B0055355A /* ExercisesGroupViewController.swift */ = {isa = PBXFileReference; lastKnownFileType = sourcecode.swift; path = ExercisesGroupViewController.swift; sourceTree = "<group>"; };
		E0457CCC28F858590055355A /* ExercisesGroupViewModel.swift */ = {isa = PBXFileReference; lastKnownFileType = sourcecode.swift; path = ExercisesGroupViewModel.swift; sourceTree = "<group>"; };
		E0457CCE28F858790055355A /* ExercisesGroupViewController.storyboard */ = {isa = PBXFileReference; lastKnownFileType = file.storyboard; path = ExercisesGroupViewController.storyboard; sourceTree = "<group>"; };
		E0457CD028F860910055355A /* UIColor + HEX.swift */ = {isa = PBXFileReference; lastKnownFileType = sourcecode.swift; path = "UIColor + HEX.swift"; sourceTree = "<group>"; };
		E0457CD328F861BD0055355A /* CalendarViewController.swift */ = {isa = PBXFileReference; lastKnownFileType = sourcecode.swift; path = CalendarViewController.swift; sourceTree = "<group>"; };
		E0457CD428F861BD0055355A /* CalendarViewController.xib */ = {isa = PBXFileReference; lastKnownFileType = file.xib; path = CalendarViewController.xib; sourceTree = "<group>"; };
		E0457CD728F861D30055355A /* CalendarViewModel.swift */ = {isa = PBXFileReference; lastKnownFileType = sourcecode.swift; path = CalendarViewModel.swift; sourceTree = "<group>"; };
		E0504E6E28F72E0400C0FA01 /* Workout.swift */ = {isa = PBXFileReference; lastKnownFileType = sourcecode.swift; path = Workout.swift; sourceTree = "<group>"; };
		E0504E7228F72F7D00C0FA01 /* WorkoutCell.swift */ = {isa = PBXFileReference; lastKnownFileType = sourcecode.swift; path = WorkoutCell.swift; sourceTree = "<group>"; };
		E0504E7428F72FA000C0FA01 /* WorkoutCellViewModel.swift */ = {isa = PBXFileReference; lastKnownFileType = sourcecode.swift; path = WorkoutCellViewModel.swift; sourceTree = "<group>"; };
		E0504E7B28F73FB500C0FA01 /* WorkoutList.swift */ = {isa = PBXFileReference; lastKnownFileType = sourcecode.swift; path = WorkoutList.swift; sourceTree = "<group>"; };
		E05439EC291515E0009050D6 /* ExerciseGroupCell.swift */ = {isa = PBXFileReference; lastKnownFileType = sourcecode.swift; path = ExerciseGroupCell.swift; sourceTree = "<group>"; };
		E05439EF29151646009050D6 /* ExerciseGroupCellViewModel.swift */ = {isa = PBXFileReference; lastKnownFileType = sourcecode.swift; path = ExerciseGroupCellViewModel.swift; sourceTree = "<group>"; };
		E05439F1291519AB009050D6 /* NetworkDataManager.swift */ = {isa = PBXFileReference; lastKnownFileType = sourcecode.swift; path = NetworkDataManager.swift; sourceTree = "<group>"; };
		E05F86AC2923A1AE00078290 /* ExercisesViewController.swift */ = {isa = PBXFileReference; lastKnownFileType = sourcecode.swift; path = ExercisesViewController.swift; sourceTree = "<group>"; };
		E05F86B02923A1ED00078290 /* ExercisesViewController.storyboard */ = {isa = PBXFileReference; lastKnownFileType = file.storyboard; path = ExercisesViewController.storyboard; sourceTree = "<group>"; };
		E06383A72910692700815FEE /* GoogleService-Info.plist */ = {isa = PBXFileReference; fileEncoding = 4; lastKnownFileType = text.plist.xml; path = "GoogleService-Info.plist"; sourceTree = "<group>"; };
		E076105F2923A88B00E1F687 /* ExercisesViewModel.swift */ = {isa = PBXFileReference; lastKnownFileType = sourcecode.swift; path = ExercisesViewModel.swift; sourceTree = "<group>"; };
		E0B15710292657EA00881D8B /* ExerciseCell.swift */ = {isa = PBXFileReference; lastKnownFileType = sourcecode.swift; path = ExerciseCell.swift; sourceTree = "<group>"; };
		E0B15711292657EA00881D8B /* ExerciseCell.xib */ = {isa = PBXFileReference; lastKnownFileType = file.xib; path = ExerciseCell.xib; sourceTree = "<group>"; };
		E0B157142926586500881D8B /* ExerciseCellViewModel.swift */ = {isa = PBXFileReference; lastKnownFileType = sourcecode.swift; path = ExerciseCellViewModel.swift; sourceTree = "<group>"; };
		E0DA1D48291B9685004D7FAB /* Info.plist */ = {isa = PBXFileReference; fileEncoding = 4; lastKnownFileType = text.plist.xml; path = Info.plist; sourceTree = "<group>"; };
		E0DA1D4A291BB4A6004D7FAB /* ExerciseGroupCell.xib */ = {isa = PBXFileReference; lastKnownFileType = file.xib; path = ExerciseGroupCell.xib; sourceTree = "<group>"; };
		E0DA1D4C291E5BEA004D7FAB /* ExerciseGroup.swift */ = {isa = PBXFileReference; lastKnownFileType = sourcecode.swift; path = ExerciseGroup.swift; sourceTree = "<group>"; };
		E0E814F22900731600687D3F /* CalendarCell.swift */ = {isa = PBXFileReference; lastKnownFileType = sourcecode.swift; path = CalendarCell.swift; sourceTree = "<group>"; };
		E0E814F42900736800687D3F /* CalendarCellVewModel.swift */ = {isa = PBXFileReference; lastKnownFileType = sourcecode.swift; path = CalendarCellVewModel.swift; sourceTree = "<group>"; };
		E0E814F6290077CA00687D3F /* CalendarCell.xib */ = {isa = PBXFileReference; lastKnownFileType = file.xib; path = CalendarCell.xib; sourceTree = "<group>"; };
		E0F86898290C2544000DAAD7 /* UDDateManager.swift */ = {isa = PBXFileReference; lastKnownFileType = sourcecode.swift; path = UDDateManager.swift; sourceTree = "<group>"; };
/* End PBXFileReference section */

/* Begin PBXFrameworksBuildPhase section */
		E043E33628F48EF400178AA9 /* Frameworks */ = {
			isa = PBXFrameworksBuildPhase;
			buildActionMask = 2147483647;
			files = (
				E06383B12910772400815FEE /* FirebaseDatabaseSwift in Frameworks */,
				E06383AF2910772400815FEE /* FirebaseDatabase in Frameworks */,
				E06383AD2910772400815FEE /* FirebaseAnalyticsSwift in Frameworks */,
				E0504E7A28F73CB000C0FA01 /* RealmSwift in Frameworks */,
				E0504E7828F73CB000C0FA01 /* Realm in Frameworks */,
				E06383AB2910772400815FEE /* FirebaseAnalytics in Frameworks */,
			);
			runOnlyForDeploymentPostprocessing = 0;
		};
/* End PBXFrameworksBuildPhase section */

/* Begin PBXGroup section */
		E043E33028F48EF400178AA9 = {
			isa = PBXGroup;
			children = (
				E043E33B28F48EF400178AA9 /* FintnessApp.MVVM.UIKit */,
				E043E33A28F48EF400178AA9 /* Products */,
			);
			sourceTree = "<group>";
		};
		E043E33A28F48EF400178AA9 /* Products */ = {
			isa = PBXGroup;
			children = (
				E043E33928F48EF400178AA9 /* FintnessApp.MVVM.UIKit.app */,
			);
			name = Products;
			sourceTree = "<group>";
		};
		E043E33B28F48EF400178AA9 /* FintnessApp.MVVM.UIKit */ = {
			isa = PBXGroup;
			children = (
				E0457CC228F857AA0055355A /* Views */,
				E0504E7028F72EA600C0FA01 /* Models */,
				E0457CB828F851070055355A /* Services */,
				E0457CBF28F856930055355A /* Helpers */,
				E043E35228F4927800178AA9 /* Support */,
			);
			path = FintnessApp.MVVM.UIKit;
			sourceTree = "<group>";
		};
		E043E35228F4927800178AA9 /* Support */ = {
			isa = PBXGroup;
			children = (
				E0DA1D48291B9685004D7FAB /* Info.plist */,
				E06383A72910692700815FEE /* GoogleService-Info.plist */,
				E043E33E28F48EF400178AA9 /* SceneDelegate.swift */,
				E043E33C28F48EF400178AA9 /* AppDelegate.swift */,
				E043E34528F48EF600178AA9 /* Assets.xcassets */,
				E043E34728F48EF600178AA9 /* LaunchScreen.storyboard */,
			);
			path = Support;
			sourceTree = "<group>";
		};
		E043E35328F492AB00178AA9 /* WorkoutView */ = {
			isa = PBXGroup;
			children = (
				E0457CBD28F855C60055355A /* WorkoutViewController.storyboard */,
				E043E34028F48EF400178AA9 /* WorkoutViewController.swift */,
				E043E35428F494FD00178AA9 /* WorkoutViewModel.swift */,
				E0504E7128F72F4200C0FA01 /* WorkoutCell */,
				E0457CD228F861710055355A /* CalendarView */,
			);
			path = WorkoutView;
			sourceTree = "<group>";
		};
		E0457CB828F851070055355A /* Services */ = {
			isa = PBXGroup;
			children = (
				E0457CB928F8512A0055355A /* StorageManager.swift */,
				E05439F1291519AB009050D6 /* NetworkDataManager.swift */,
				E00D983028FAF9F60052E4F8 /* CalendarManager.swift */,
				E0F86898290C2544000DAAD7 /* UDDateManager.swift */,
			);
			path = Services;
			sourceTree = "<group>";
		};
		E0457CBF28F856930055355A /* Helpers */ = {
			isa = PBXGroup;
			children = (
				E0457CC028F856AF0055355A /* UIViewController + Storyboard.swift */,
				E0457CD028F860910055355A /* UIColor + HEX.swift */,
			);
			path = Helpers;
			sourceTree = "<group>";
		};
		E0457CC228F857AA0055355A /* Views */ = {
			isa = PBXGroup;
			children = (
				E043E35028F48F9100178AA9 /* TabBarControllerView.swift */,
				E043E35328F492AB00178AA9 /* WorkoutView */,
				E0457CC328F857BF0055355A /* ExercisesGroupView */,
				E05F86AB29239F1300078290 /* ExercisesView */,
			);
			path = Views;
			sourceTree = "<group>";
		};
		E0457CC328F857BF0055355A /* ExercisesGroupView */ = {
			isa = PBXGroup;
			children = (
				E0457CCE28F858790055355A /* ExercisesGroupViewController.storyboard */,
				E0457CCA28F8584B0055355A /* ExercisesGroupViewController.swift */,
				E0457CCC28F858590055355A /* ExercisesGroupViewModel.swift */,
				E05439EE291515FD009050D6 /* ExerciseGroupCell */,
			);
			path = ExercisesGroupView;
			sourceTree = "<group>";
		};
		E0457CD228F861710055355A /* CalendarView */ = {
			isa = PBXGroup;
			children = (
				E0457CD428F861BD0055355A /* CalendarViewController.xib */,
				E0457CD328F861BD0055355A /* CalendarViewController.swift */,
				E0457CD728F861D30055355A /* CalendarViewModel.swift */,
				E0E814F1290072DA00687D3F /* CalendarCell */,
			);
			path = CalendarView;
			sourceTree = "<group>";
		};
		E0504E7028F72EA600C0FA01 /* Models */ = {
			isa = PBXGroup;
			children = (
				E0504E6E28F72E0400C0FA01 /* Workout.swift */,
				E0504E7B28F73FB500C0FA01 /* WorkoutList.swift */,
				E00D983228FAFC1A0052E4F8 /* CalendarCellData.swift */,
				E02E9FC5290E9F24009A13B5 /* Exercise.swift */,
				E0DA1D4C291E5BEA004D7FAB /* ExerciseGroup.swift */,
			);
			path = Models;
			sourceTree = "<group>";
		};
		E0504E7128F72F4200C0FA01 /* WorkoutCell */ = {
			isa = PBXGroup;
			children = (
				E02AE78128F9D63500C45D48 /* WorkoutCell.xib */,
				E0504E7228F72F7D00C0FA01 /* WorkoutCell.swift */,
				E0504E7428F72FA000C0FA01 /* WorkoutCellViewModel.swift */,
			);
			path = WorkoutCell;
			sourceTree = "<group>";
		};
		E05439EE291515FD009050D6 /* ExerciseGroupCell */ = {
			isa = PBXGroup;
			children = (
				E0DA1D4A291BB4A6004D7FAB /* ExerciseGroupCell.xib */,
				E05439EC291515E0009050D6 /* ExerciseGroupCell.swift */,
				E05439EF29151646009050D6 /* ExerciseGroupCellViewModel.swift */,
			);
			path = ExerciseGroupCell;
			sourceTree = "<group>";
		};
		E05F86AB29239F1300078290 /* ExercisesView */ = {
			isa = PBXGroup;
			children = (
				E05F86B02923A1ED00078290 /* ExercisesViewController.storyboard */,
				E05F86AC2923A1AE00078290 /* ExercisesViewController.swift */,
				E076105F2923A88B00E1F687 /* ExercisesViewModel.swift */,
				E0B1570F292657B000881D8B /* ExerciseViewCell */,
			);
			path = ExercisesView;
			sourceTree = "<group>";
		};
		E0B1570F292657B000881D8B /* ExerciseViewCell */ = {
			isa = PBXGroup;
			children = (
				E0B15711292657EA00881D8B /* ExerciseCell.xib */,
				E0B15710292657EA00881D8B /* ExerciseCell.swift */,
				E0B157142926586500881D8B /* ExerciseCellViewModel.swift */,
			);
			path = ExerciseViewCell;
			sourceTree = "<group>";
		};
		E0E814F1290072DA00687D3F /* CalendarCell */ = {
			isa = PBXGroup;
			children = (
				E0E814F6290077CA00687D3F /* CalendarCell.xib */,
				E0E814F22900731600687D3F /* CalendarCell.swift */,
				E0E814F42900736800687D3F /* CalendarCellVewModel.swift */,
			);
			path = CalendarCell;
			sourceTree = "<group>";
		};
/* End PBXGroup section */

/* Begin PBXNativeTarget section */
		E043E33828F48EF400178AA9 /* FintnessApp.MVVM.UIKit */ = {
			isa = PBXNativeTarget;
			buildConfigurationList = E043E34D28F48EF600178AA9 /* Build configuration list for PBXNativeTarget "FintnessApp.MVVM.UIKit" */;
			buildPhases = (
				E043E33528F48EF400178AA9 /* Sources */,
				E043E33628F48EF400178AA9 /* Frameworks */,
				E043E33728F48EF400178AA9 /* Resources */,
			);
			buildRules = (
			);
			dependencies = (
			);
			name = FintnessApp.MVVM.UIKit;
			packageProductDependencies = (
				E0504E7728F73CB000C0FA01 /* Realm */,
				E0504E7928F73CB000C0FA01 /* RealmSwift */,
				E06383AA2910772400815FEE /* FirebaseAnalytics */,
				E06383AC2910772400815FEE /* FirebaseAnalyticsSwift */,
				E06383AE2910772400815FEE /* FirebaseDatabase */,
				E06383B02910772400815FEE /* FirebaseDatabaseSwift */,
			);
			productName = FintnessApp.MVVM.UIKit;
			productReference = E043E33928F48EF400178AA9 /* FintnessApp.MVVM.UIKit.app */;
			productType = "com.apple.product-type.application";
		};
/* End PBXNativeTarget section */

/* Begin PBXProject section */
		E043E33128F48EF400178AA9 /* Project object */ = {
			isa = PBXProject;
			attributes = {
				BuildIndependentTargetsInParallel = 1;
				KnownAssetTags = (
					New,
				);
				LastSwiftUpdateCheck = 1400;
				LastUpgradeCheck = 1400;
				TargetAttributes = {
					E043E33828F48EF400178AA9 = {
						CreatedOnToolsVersion = 14.0.1;
					};
				};
			};
			buildConfigurationList = E043E33428F48EF400178AA9 /* Build configuration list for PBXProject "FintnessApp.MVVM.UIKit" */;
			compatibilityVersion = "Xcode 14.0";
			developmentRegion = en;
			hasScannedForEncodings = 0;
			knownRegions = (
				en,
				Base,
			);
			mainGroup = E043E33028F48EF400178AA9;
			packageReferences = (
				E0504E7628F73CB000C0FA01 /* XCRemoteSwiftPackageReference "realm-swift" */,
				E06383A92910772400815FEE /* XCRemoteSwiftPackageReference "firebase-ios-sdk" */,
			);
			productRefGroup = E043E33A28F48EF400178AA9 /* Products */;
			projectDirPath = "";
			projectRoot = "";
			targets = (
				E043E33828F48EF400178AA9 /* FintnessApp.MVVM.UIKit */,
			);
		};
/* End PBXProject section */

/* Begin PBXResourcesBuildPhase section */
		E043E33728F48EF400178AA9 /* Resources */ = {
			isa = PBXResourcesBuildPhase;
			buildActionMask = 2147483647;
			files = (
				E0457CBE28F855C60055355A /* WorkoutViewController.storyboard in Resources */,
				E0DA1D4B291BB4A6004D7FAB /* ExerciseGroupCell.xib in Resources */,
				E06383A82910692700815FEE /* GoogleService-Info.plist in Resources */,
				E0457CD628F861BD0055355A /* CalendarViewController.xib in Resources */,
				E0457CCF28F858790055355A /* ExercisesGroupViewController.storyboard in Resources */,
				E05F86B12923A1ED00078290 /* ExercisesViewController.storyboard in Resources */,
				E0E814F7290077CA00687D3F /* CalendarCell.xib in Resources */,
				E0B15713292657EA00881D8B /* ExerciseCell.xib in Resources */,
				E043E34928F48EF600178AA9 /* LaunchScreen.storyboard in Resources */,
				E043E34628F48EF600178AA9 /* Assets.xcassets in Resources */,
				E02AE78228F9D63500C45D48 /* WorkoutCell.xib in Resources */,
			);
			runOnlyForDeploymentPostprocessing = 0;
		};
/* End PBXResourcesBuildPhase section */

/* Begin PBXSourcesBuildPhase section */
		E043E33528F48EF400178AA9 /* Sources */ = {
			isa = PBXSourcesBuildPhase;
			buildActionMask = 2147483647;
			files = (
				E0B157152926586500881D8B /* ExerciseCellViewModel.swift in Sources */,
				E0457CD528F861BD0055355A /* CalendarViewController.swift in Sources */,
				E043E35528F494FD00178AA9 /* WorkoutViewModel.swift in Sources */,
				E0504E7328F72F7D00C0FA01 /* WorkoutCell.swift in Sources */,
				E05439ED291515E0009050D6 /* ExerciseGroupCell.swift in Sources */,
				E0457CCB28F8584B0055355A /* ExercisesGroupViewController.swift in Sources */,
				E05F86AE2923A1AE00078290 /* ExercisesViewController.swift in Sources */,
				E0457CD128F860910055355A /* UIColor + HEX.swift in Sources */,
				E043E34128F48EF400178AA9 /* WorkoutViewController.swift in Sources */,
				E0457CC128F856AF0055355A /* UIViewController + Storyboard.swift in Sources */,
				E043E33D28F48EF400178AA9 /* AppDelegate.swift in Sources */,
				E0457CD828F861D30055355A /* CalendarViewModel.swift in Sources */,
				E05439F2291519AB009050D6 /* NetworkDataManager.swift in Sources */,
				E02E9FC6290E9F24009A13B5 /* Exercise.swift in Sources */,
				E00D983328FAFC1A0052E4F8 /* CalendarCellData.swift in Sources */,
				E07610602923A88B00E1F687 /* ExercisesViewModel.swift in Sources */,
				E0F86899290C2544000DAAD7 /* UDDateManager.swift in Sources */,
				E0B15712292657EA00881D8B /* ExerciseCell.swift in Sources */,
				E0E814F32900731600687D3F /* CalendarCell.swift in Sources */,
				E0504E7528F72FA000C0FA01 /* WorkoutCellViewModel.swift in Sources */,
				E043E35128F48F9100178AA9 /* TabBarControllerView.swift in Sources */,
				E0504E7C28F73FB500C0FA01 /* WorkoutList.swift in Sources */,
				E0E814F52900736800687D3F /* CalendarCellVewModel.swift in Sources */,
				E05439F029151646009050D6 /* ExerciseGroupCellViewModel.swift in Sources */,
				E0457CBA28F8512A0055355A /* StorageManager.swift in Sources */,
				E0457CCD28F858590055355A /* ExercisesGroupViewModel.swift in Sources */,
				E043E33F28F48EF400178AA9 /* SceneDelegate.swift in Sources */,
				E0DA1D4D291E5BEA004D7FAB /* ExerciseGroup.swift in Sources */,
				E0504E6F28F72E0400C0FA01 /* Workout.swift in Sources */,
				E00D983128FAF9F60052E4F8 /* CalendarManager.swift in Sources */,
			);
			runOnlyForDeploymentPostprocessing = 0;
		};
/* End PBXSourcesBuildPhase section */

/* Begin PBXVariantGroup section */
		E043E34728F48EF600178AA9 /* LaunchScreen.storyboard */ = {
			isa = PBXVariantGroup;
			children = (
				E043E34828F48EF600178AA9 /* Base */,
			);
			name = LaunchScreen.storyboard;
			sourceTree = "<group>";
		};
/* End PBXVariantGroup section */

/* Begin XCBuildConfiguration section */
		E043E34B28F48EF600178AA9 /* Debug */ = {
			isa = XCBuildConfiguration;
			buildSettings = {
				ALWAYS_SEARCH_USER_PATHS = NO;
				CLANG_ANALYZER_NONNULL = YES;
				CLANG_ANALYZER_NUMBER_OBJECT_CONVERSION = YES_AGGRESSIVE;
				CLANG_CXX_LANGUAGE_STANDARD = "gnu++20";
				CLANG_ENABLE_MODULES = YES;
				CLANG_ENABLE_OBJC_ARC = YES;
				CLANG_ENABLE_OBJC_WEAK = YES;
				CLANG_WARN_BLOCK_CAPTURE_AUTORELEASING = YES;
				CLANG_WARN_BOOL_CONVERSION = YES;
				CLANG_WARN_COMMA = YES;
				CLANG_WARN_CONSTANT_CONVERSION = YES;
				CLANG_WARN_DEPRECATED_OBJC_IMPLEMENTATIONS = YES;
				CLANG_WARN_DIRECT_OBJC_ISA_USAGE = YES_ERROR;
				CLANG_WARN_DOCUMENTATION_COMMENTS = YES;
				CLANG_WARN_EMPTY_BODY = YES;
				CLANG_WARN_ENUM_CONVERSION = YES;
				CLANG_WARN_INFINITE_RECURSION = YES;
				CLANG_WARN_INT_CONVERSION = YES;
				CLANG_WARN_NON_LITERAL_NULL_CONVERSION = YES;
				CLANG_WARN_OBJC_IMPLICIT_RETAIN_SELF = YES;
				CLANG_WARN_OBJC_LITERAL_CONVERSION = YES;
				CLANG_WARN_OBJC_ROOT_CLASS = YES_ERROR;
				CLANG_WARN_QUOTED_INCLUDE_IN_FRAMEWORK_HEADER = YES;
				CLANG_WARN_RANGE_LOOP_ANALYSIS = YES;
				CLANG_WARN_STRICT_PROTOTYPES = YES;
				CLANG_WARN_SUSPICIOUS_MOVE = YES;
				CLANG_WARN_UNGUARDED_AVAILABILITY = YES_AGGRESSIVE;
				CLANG_WARN_UNREACHABLE_CODE = YES;
				CLANG_WARN__DUPLICATE_METHOD_MATCH = YES;
				COPY_PHASE_STRIP = NO;
				DEBUG_INFORMATION_FORMAT = dwarf;
				ENABLE_STRICT_OBJC_MSGSEND = YES;
				ENABLE_TESTABILITY = YES;
				GCC_C_LANGUAGE_STANDARD = gnu11;
				GCC_DYNAMIC_NO_PIC = NO;
				GCC_NO_COMMON_BLOCKS = YES;
				GCC_OPTIMIZATION_LEVEL = 0;
				GCC_PREPROCESSOR_DEFINITIONS = (
					"DEBUG=1",
					"$(inherited)",
				);
				GCC_WARN_64_TO_32_BIT_CONVERSION = YES;
				GCC_WARN_ABOUT_RETURN_TYPE = YES_ERROR;
				GCC_WARN_UNDECLARED_SELECTOR = YES;
				GCC_WARN_UNINITIALIZED_AUTOS = YES_AGGRESSIVE;
				GCC_WARN_UNUSED_FUNCTION = YES;
				GCC_WARN_UNUSED_VARIABLE = YES;
				IPHONEOS_DEPLOYMENT_TARGET = 16.0;
				MTL_ENABLE_DEBUG_INFO = INCLUDE_SOURCE;
				MTL_FAST_MATH = YES;
				ONLY_ACTIVE_ARCH = YES;
				SDKROOT = iphoneos;
				SWIFT_ACTIVE_COMPILATION_CONDITIONS = DEBUG;
				SWIFT_OPTIMIZATION_LEVEL = "-Onone";
			};
			name = Debug;
		};
		E043E34C28F48EF600178AA9 /* Release */ = {
			isa = XCBuildConfiguration;
			buildSettings = {
				ALWAYS_SEARCH_USER_PATHS = NO;
				CLANG_ANALYZER_NONNULL = YES;
				CLANG_ANALYZER_NUMBER_OBJECT_CONVERSION = YES_AGGRESSIVE;
				CLANG_CXX_LANGUAGE_STANDARD = "gnu++20";
				CLANG_ENABLE_MODULES = YES;
				CLANG_ENABLE_OBJC_ARC = YES;
				CLANG_ENABLE_OBJC_WEAK = YES;
				CLANG_WARN_BLOCK_CAPTURE_AUTORELEASING = YES;
				CLANG_WARN_BOOL_CONVERSION = YES;
				CLANG_WARN_COMMA = YES;
				CLANG_WARN_CONSTANT_CONVERSION = YES;
				CLANG_WARN_DEPRECATED_OBJC_IMPLEMENTATIONS = YES;
				CLANG_WARN_DIRECT_OBJC_ISA_USAGE = YES_ERROR;
				CLANG_WARN_DOCUMENTATION_COMMENTS = YES;
				CLANG_WARN_EMPTY_BODY = YES;
				CLANG_WARN_ENUM_CONVERSION = YES;
				CLANG_WARN_INFINITE_RECURSION = YES;
				CLANG_WARN_INT_CONVERSION = YES;
				CLANG_WARN_NON_LITERAL_NULL_CONVERSION = YES;
				CLANG_WARN_OBJC_IMPLICIT_RETAIN_SELF = YES;
				CLANG_WARN_OBJC_LITERAL_CONVERSION = YES;
				CLANG_WARN_OBJC_ROOT_CLASS = YES_ERROR;
				CLANG_WARN_QUOTED_INCLUDE_IN_FRAMEWORK_HEADER = YES;
				CLANG_WARN_RANGE_LOOP_ANALYSIS = YES;
				CLANG_WARN_STRICT_PROTOTYPES = YES;
				CLANG_WARN_SUSPICIOUS_MOVE = YES;
				CLANG_WARN_UNGUARDED_AVAILABILITY = YES_AGGRESSIVE;
				CLANG_WARN_UNREACHABLE_CODE = YES;
				CLANG_WARN__DUPLICATE_METHOD_MATCH = YES;
				COPY_PHASE_STRIP = NO;
				DEBUG_INFORMATION_FORMAT = "dwarf-with-dsym";
				ENABLE_NS_ASSERTIONS = NO;
				ENABLE_STRICT_OBJC_MSGSEND = YES;
				GCC_C_LANGUAGE_STANDARD = gnu11;
				GCC_NO_COMMON_BLOCKS = YES;
				GCC_WARN_64_TO_32_BIT_CONVERSION = YES;
				GCC_WARN_ABOUT_RETURN_TYPE = YES_ERROR;
				GCC_WARN_UNDECLARED_SELECTOR = YES;
				GCC_WARN_UNINITIALIZED_AUTOS = YES_AGGRESSIVE;
				GCC_WARN_UNUSED_FUNCTION = YES;
				GCC_WARN_UNUSED_VARIABLE = YES;
				IPHONEOS_DEPLOYMENT_TARGET = 16.0;
				MTL_ENABLE_DEBUG_INFO = NO;
				MTL_FAST_MATH = YES;
				SDKROOT = iphoneos;
				SWIFT_COMPILATION_MODE = wholemodule;
				SWIFT_OPTIMIZATION_LEVEL = "-O";
				VALIDATE_PRODUCT = YES;
			};
			name = Release;
		};
		E043E34E28F48EF600178AA9 /* Debug */ = {
			isa = XCBuildConfiguration;
			buildSettings = {
				ASSETCATALOG_COMPILER_APPICON_NAME = AppIcon;
				ASSETCATALOG_COMPILER_GLOBAL_ACCENT_COLOR_NAME = AccentColor;
				CODE_SIGN_STYLE = Automatic;
				CURRENT_PROJECT_VERSION = 1;
				DEVELOPMENT_TEAM = WSW34L4PSC;
				GENERATE_INFOPLIST_FILE = YES;
				INFOPLIST_FILE = FintnessApp.MVVM.UIKit/Support/Info.plist;
				INFOPLIST_KEY_UIApplicationSupportsIndirectInputEvents = YES;
				INFOPLIST_KEY_UILaunchStoryboardName = LaunchScreen;
				INFOPLIST_KEY_UISupportedInterfaceOrientations = UIInterfaceOrientationPortrait;
				INFOPLIST_KEY_UISupportedInterfaceOrientations_iPad = "UIInterfaceOrientationLandscapeLeft UIInterfaceOrientationLandscapeRight UIInterfaceOrientationPortrait UIInterfaceOrientationPortraitUpsideDown";
				LD_RUNPATH_SEARCH_PATHS = (
					"$(inherited)",
					"@executable_path/Frameworks",
				);
				MARKETING_VERSION = 1.0;
				PRODUCT_BUNDLE_IDENTIFIER = "Vadim-Gamzaev.FintnessApp-MVVM-UIKit";
				PRODUCT_NAME = "$(TARGET_NAME)";
				SUPPORTED_PLATFORMS = "iphoneos iphonesimulator";
				SUPPORTS_MACCATALYST = NO;
				SUPPORTS_MAC_DESIGNED_FOR_IPHONE_IPAD = NO;
				SWIFT_EMIT_LOC_STRINGS = YES;
				SWIFT_VERSION = 5.0;
				TARGETED_DEVICE_FAMILY = 1;
			};
			name = Debug;
		};
		E043E34F28F48EF600178AA9 /* Release */ = {
			isa = XCBuildConfiguration;
			buildSettings = {
				ASSETCATALOG_COMPILER_APPICON_NAME = AppIcon;
				ASSETCATALOG_COMPILER_GLOBAL_ACCENT_COLOR_NAME = AccentColor;
				CODE_SIGN_STYLE = Automatic;
				CURRENT_PROJECT_VERSION = 1;
				DEVELOPMENT_TEAM = WSW34L4PSC;
				GENERATE_INFOPLIST_FILE = YES;
				INFOPLIST_FILE = FintnessApp.MVVM.UIKit/Support/Info.plist;
				INFOPLIST_KEY_UIApplicationSupportsIndirectInputEvents = YES;
				INFOPLIST_KEY_UILaunchStoryboardName = LaunchScreen;
				INFOPLIST_KEY_UISupportedInterfaceOrientations = UIInterfaceOrientationPortrait;
				INFOPLIST_KEY_UISupportedInterfaceOrientations_iPad = "UIInterfaceOrientationLandscapeLeft UIInterfaceOrientationLandscapeRight UIInterfaceOrientationPortrait UIInterfaceOrientationPortraitUpsideDown";
				LD_RUNPATH_SEARCH_PATHS = (
					"$(inherited)",
					"@executable_path/Frameworks",
				);
				MARKETING_VERSION = 1.0;
				PRODUCT_BUNDLE_IDENTIFIER = "Vadim-Gamzaev.FintnessApp-MVVM-UIKit";
				PRODUCT_NAME = "$(TARGET_NAME)";
				SUPPORTED_PLATFORMS = "iphoneos iphonesimulator";
				SUPPORTS_MACCATALYST = NO;
				SUPPORTS_MAC_DESIGNED_FOR_IPHONE_IPAD = NO;
				SWIFT_EMIT_LOC_STRINGS = YES;
				SWIFT_VERSION = 5.0;
				TARGETED_DEVICE_FAMILY = 1;
			};
			name = Release;
		};
/* End XCBuildConfiguration section */

/* Begin XCConfigurationList section */
		E043E33428F48EF400178AA9 /* Build configuration list for PBXProject "FintnessApp.MVVM.UIKit" */ = {
			isa = XCConfigurationList;
			buildConfigurations = (
				E043E34B28F48EF600178AA9 /* Debug */,
				E043E34C28F48EF600178AA9 /* Release */,
			);
			defaultConfigurationIsVisible = 0;
			defaultConfigurationName = Release;
		};
		E043E34D28F48EF600178AA9 /* Build configuration list for PBXNativeTarget "FintnessApp.MVVM.UIKit" */ = {
			isa = XCConfigurationList;
			buildConfigurations = (
				E043E34E28F48EF600178AA9 /* Debug */,
				E043E34F28F48EF600178AA9 /* Release */,
			);
			defaultConfigurationIsVisible = 0;
			defaultConfigurationName = Release;
		};
/* End XCConfigurationList section */

/* Begin XCRemoteSwiftPackageReference section */
		E0504E7628F73CB000C0FA01 /* XCRemoteSwiftPackageReference "realm-swift" */ = {
			isa = XCRemoteSwiftPackageReference;
			repositoryURL = "https://github.com/realm/realm-swift.git";
			requirement = {
				kind = upToNextMajorVersion;
				minimumVersion = 10.32.0;
			};
		};
		E06383A92910772400815FEE /* XCRemoteSwiftPackageReference "firebase-ios-sdk" */ = {
			isa = XCRemoteSwiftPackageReference;
			repositoryURL = "https://github.com/firebase/firebase-ios-sdk";
			requirement = {
				kind = upToNextMajorVersion;
				minimumVersion = 9.0.0;
			};
		};
/* End XCRemoteSwiftPackageReference section */

/* Begin XCSwiftPackageProductDependency section */
		E0504E7728F73CB000C0FA01 /* Realm */ = {
			isa = XCSwiftPackageProductDependency;
			package = E0504E7628F73CB000C0FA01 /* XCRemoteSwiftPackageReference "realm-swift" */;
			productName = Realm;
		};
		E0504E7928F73CB000C0FA01 /* RealmSwift */ = {
			isa = XCSwiftPackageProductDependency;
			package = E0504E7628F73CB000C0FA01 /* XCRemoteSwiftPackageReference "realm-swift" */;
			productName = RealmSwift;
		};
		E06383AA2910772400815FEE /* FirebaseAnalytics */ = {
			isa = XCSwiftPackageProductDependency;
			package = E06383A92910772400815FEE /* XCRemoteSwiftPackageReference "firebase-ios-sdk" */;
			productName = FirebaseAnalytics;
		};
		E06383AC2910772400815FEE /* FirebaseAnalyticsSwift */ = {
			isa = XCSwiftPackageProductDependency;
			package = E06383A92910772400815FEE /* XCRemoteSwiftPackageReference "firebase-ios-sdk" */;
			productName = FirebaseAnalyticsSwift;
		};
		E06383AE2910772400815FEE /* FirebaseDatabase */ = {
			isa = XCSwiftPackageProductDependency;
			package = E06383A92910772400815FEE /* XCRemoteSwiftPackageReference "firebase-ios-sdk" */;
			productName = FirebaseDatabase;
		};
		E06383B02910772400815FEE /* FirebaseDatabaseSwift */ = {
			isa = XCSwiftPackageProductDependency;
			package = E06383A92910772400815FEE /* XCRemoteSwiftPackageReference "firebase-ios-sdk" */;
			productName = FirebaseDatabaseSwift;
		};
/* End XCSwiftPackageProductDependency section */
	};
	rootObject = E043E33128F48EF400178AA9 /* Project object */;
}
